
Microsoft Visual Studio Solution File, Format Version 12.00
# Visual Studio Version 16
VisualStudioVersion = 16.0.31112.23
MinimumVisualStudioVersion = 10.0.40219.1
Project("{FAE04EC0-301F-11D3-BF4B-00C04F79EFBC}") = "HomeComplain.Android", "HomeComplain\HomeComplain.Android\HomeComplain.Android.csproj", "{5FFEBF99-CEFA-4C53-9998-D48C0F51D6BB}"
EndProject
Project("{FAE04EC0-301F-11D3-BF4B-00C04F79EFBC}") = "HomeComplain.iOS", "HomeComplain\HomeComplain.iOS\HomeComplain.iOS.csproj", "{9D7C3DF3-B9A8-41D4-B1C8-D5967F4EDD2B}"
EndProject
Project("{FAE04EC0-301F-11D3-BF4B-00C04F79EFBC}") = "HomeComplain", "HomeComplain\HomeComplain\HomeComplain.csproj", "{2D0C970D-AFA5-4F20-9F18-B129B8075B98}"
EndProject
Global
	GlobalSection(SolutionConfigurationPlatforms) = preSolution
		Debug|Any CPU = Debug|Any CPU
		Debug|iPhone = Debug|iPhone
		Debug|iPhoneSimulator = Debug|iPhoneSimulator
		Release|Any CPU = Release|Any CPU
		Release|iPhone = Release|iPhone
		Release|iPhoneSimulator = Release|iPhoneSimulator
	EndGlobalSection
	GlobalSection(ProjectConfigurationPlatforms) = postSolution
		{5FFEBF99-CEFA-4C53-9998-D48C0F51D6BB}.Debug|Any CPU.ActiveCfg = Debug|Any CPU
		{5FFEBF99-CEFA-4C53-9998-D48C0F51D6BB}.Debug|Any CPU.Build.0 = Debug|Any CPU
		{5FFEBF99-CEFA-4C53-9998-D48C0F51D6BB}.Debug|Any CPU.Deploy.0 = Debug|Any CPU
		{5FFEBF99-CEFA-4C53-9998-D48C0F51D6BB}.Debug|iPhone.ActiveCfg = Debug|Any CPU
		{5FFEBF99-CEFA-4C53-9998-D48C0F51D6BB}.Debug|iPhone.Build.0 = Debug|Any CPU
		{5FFEBF99-CEFA-4C53-9998-D48C0F51D6BB}.Debug|iPhone.Deploy.0 = Debug|Any CPU
		{5FFEBF99-CEFA-4C53-9998-D48C0F51D6BB}.Debug|iPhoneSimulator.ActiveCfg = Debug|Any CPU
		{5FFEBF99-CEFA-4C53-9998-D48C0F51D6BB}.Debug|iPhoneSimulator.Build.0 = Debug|Any CPU
		{5FFEBF99-CEFA-4C53-9998-D48C0F51D6BB}.Debug|iPhoneSimulator.Deploy.0 = Debug|Any CPU
		{5FFEBF99-CEFA-4C53-9998-D48C0F51D6BB}.Release|Any CPU.ActiveCfg = Release|Any CPU
		{5FFEBF99-CEFA-4C53-9998-D48C0F51D6BB}.Release|Any CPU.Build.0 = Release|Any CPU
		{5FFEBF99-CEFA-4C53-9998-D48C0F51D6BB}.Release|Any CPU.Deploy.0 = Release|Any CPU
		{5FFEBF99-CEFA-4C53-9998-D48C0F51D6BB}.Release|iPhone.ActiveCfg = Release|Any CPU
		{5FFEBF99-CEFA-4C53-9998-D48C0F51D6BB}.Release|iPhone.Build.0 = Release|Any CPU
		{5FFEBF99-CEFA-4C53-9998-D48C0F51D6BB}.Release|iPhone.Deploy.0 = Release|Any CPU
		{5FFEBF99-CEFA-4C53-9998-D48C0F51D6BB}.Release|iPhoneSimulator.ActiveCfg = Release|Any CPU
		{5FFEBF99-CEFA-4C53-9998-D48C0F51D6BB}.Release|iPhoneSimulator.Build.0 = Release|Any CPU
		{5FFEBF99-CEFA-4C53-9998-D48C0F51D6BB}.Release|iPhoneSimulator.Deploy.0 = Release|Any CPU
		{9D7C3DF3-B9A8-41D4-B1C8-D5967F4EDD2B}.Debug|Any CPU.ActiveCfg = Debug|iPhone
		{9D7C3DF3-B9A8-41D4-B1C8-D5967F4EDD2B}.Debug|Any CPU.Build.0 = Debug|iPhone
		{9D7C3DF3-B9A8-41D4-B1C8-D5967F4EDD2B}.Debug|Any CPU.Deploy.0 = Debug|iPhone
		{9D7C3DF3-B9A8-41D4-B1C8-D5967F4EDD2B}.Debug|iPhone.ActiveCfg = Debug|iPhone
		{9D7C3DF3-B9A8-41D4-B1C8-D5967F4EDD2B}.Debug|iPhone.Build.0 = Debug|iPhone
		{9D7C3DF3-B9A8-41D4-B1C8-D5967F4EDD2B}.Debug|iPhone.Deploy.0 = Debug|iPhone
		{9D7C3DF3-B9A8-41D4-B1C8-D5967F4EDD2B}.Debug|iPhoneSimulator.ActiveCfg = Debug|iPhoneSimulator
		{9D7C3DF3-B9A8-41D4-B1C8-D5967F4EDD2B}.Debug|iPhoneSimulator.Build.0 = Debug|iPhoneSimulator
		{9D7C3DF3-B9A8-41D4-B1C8-D5967F4EDD2B}.Debug|iPhoneSimulator.Deploy.0 = Debug|iPhoneSimulator
		{9D7C3DF3-B9A8-41D4-B1C8-D5967F4EDD2B}.Release|Any CPU.ActiveCfg = Release|iPhoneSimulator
		{9D7C3DF3-B9A8-41D4-B1C8-D5967F4EDD2B}.Release|Any CPU.Build.0 = Release|iPhoneSimulator
		{9D7C3DF3-B9A8-41D4-B1C8-D5967F4EDD2B}.Release|Any CPU.Deploy.0 = Release|iPhoneSimulator
		{9D7C3DF3-B9A8-41D4-B1C8-D5967F4EDD2B}.Release|iPhone.ActiveCfg = Release|iPhone
		{9D7C3DF3-B9A8-41D4-B1C8-D5967F4EDD2B}.Release|iPhone.Build.0 = Release|iPhone
		{9D7C3DF3-B9A8-41D4-B1C8-D5967F4EDD2B}.Release|iPhone.Deploy.0 = Release|iPhone
		{9D7C3DF3-B9A8-41D4-B1C8-D5967F4EDD2B}.Release|iPhoneSimulator.ActiveCfg = Release|iPhoneSimulator
		{9D7C3DF3-B9A8-41D4-B1C8-D5967F4EDD2B}.Release|iPhoneSimulator.Build.0 = Release|iPhoneSimulator
		{9D7C3DF3-B9A8-41D4-B1C8-D5967F4EDD2B}.Release|iPhoneSimulator.Deploy.0 = Release|iPhoneSimulator
		{2D0C970D-AFA5-4F20-9F18-B129B8075B98}.Debug|Any CPU.ActiveCfg = Debug|Any CPU
		{2D0C970D-AFA5-4F20-9F18-B129B8075B98}.Debug|Any CPU.Build.0 = Debug|Any CPU
		{2D0C970D-AFA5-4F20-9F18-B129B8075B98}.Debug|Any CPU.Deploy.0 = Debug|Any CPU
		{2D0C970D-AFA5-4F20-9F18-B129B8075B98}.Debug|iPhone.ActiveCfg = Debug|Any CPU
		{2D0C970D-AFA5-4F20-9F18-B129B8075B98}.Debug|iPhone.Build.0 = Debug|Any CPU
		{2D0C970D-AFA5-4F20-9F18-B129B8075B98}.Debug|iPhone.Deploy.0 = Debug|Any CPU
		{2D0C970D-AFA5-4F20-9F18-B129B8075B98}.Debug|iPhoneSimulator.ActiveCfg = Debug|Any CPU
		{2D0C970D-AFA5-4F20-9F18-B129B8075B98}.Debug|iPhoneSimulator.Build.0 = Debug|Any CPU
		{2D0C970D-AFA5-4F20-9F18-B129B8075B98}.Debug|iPhoneSimulator.Deploy.0 = Debug|Any CPU
		{2D0C970D-AFA5-4F20-9F18-B129B8075B98}.Release|Any CPU.ActiveCfg = Release|Any CPU
		{2D0C970D-AFA5-4F20-9F18-B129B8075B98}.Release|Any CPU.Build.0 = Release|Any CPU
		{2D0C970D-AFA5-4F20-9F18-B129B8075B98}.Release|Any CPU.Deploy.0 = Release|Any CPU
		{2D0C970D-AFA5-4F20-9F18-B129B8075B98}.Release|iPhone.ActiveCfg = Release|Any CPU
		{2D0C970D-AFA5-4F20-9F18-B129B8075B98}.Release|iPhone.Build.0 = Release|Any CPU
		{2D0C970D-AFA5-4F20-9F18-B129B8075B98}.Release|iPhone.Deploy.0 = Release|Any CPU
		{2D0C970D-AFA5-4F20-9F18-B129B8075B98}.Release|iPhoneSimulator.ActiveCfg = Release|Any CPU
		{2D0C970D-AFA5-4F20-9F18-B129B8075B98}.Release|iPhoneSimulator.Build.0 = Release|Any CPU
		{2D0C970D-AFA5-4F20-9F18-B129B8075B98}.Release|iPhoneSimulator.Deploy.0 = Release|Any CPU
	EndGlobalSection
	GlobalSection(SolutionProperties) = preSolution
		HideSolutionNode = FALSE
	EndGlobalSection
	GlobalSection(ExtensibilityGlobals) = postSolution
		SolutionGuid = {78EEB82A-72F6-4ED1-BF59-65B9FE906C02}
	EndGlobalSection
EndGlobal
